
Microsoft Visual Studio Solution File, Format Version 12.00
# Visual Studio Version 17
VisualStudioVersion = 17.4.33213.308
MinimumVisualStudioVersion = 10.0.40219.1
Project("{FAE04EC0-301F-11D3-BF4B-00C04F79EFBC}") = "FinanceApp", "FinanceApp\FinanceApp.csproj", "{B99AE2EA-C2BB-402A-9374-937F7A042EBC}"
EndProject
Global
	GlobalSection(SolutionConfigurationPlatforms) = preSolution
		Debug|Any CPU = Debug|Any CPU
		Release|Any CPU = Release|Any CPU
	EndGlobalSection
	GlobalSection(ProjectConfigurationPlatforms) = postSolution
		{B99AE2EA-C2BB-402A-9374-937F7A042EBC}.Debug|Any CPU.ActiveCfg = Debug|Any CPU
		{B99AE2EA-C2BB-402A-9374-937F7A042EBC}.Debug|Any CPU.Build.0 = Debug|Any CPU
		{B99AE2EA-C2BB-402A-9374-937F7A042EBC}.Release|Any CPU.ActiveCfg = Release|Any CPU
		{B99AE2EA-C2BB-402A-9374-937F7A042EBC}.Release|Any CPU.Build.0 = Release|Any CPU
	EndGlobalSection
	GlobalSection(SolutionProperties) = preSolution
		HideSolutionNode = FALSE
	EndGlobalSection
	GlobalSection(ExtensibilityGlobals) = postSolution
		SolutionGuid = {014733DC-6EE0-406F-8C0B-0C9AA7706F16}
	EndGlobalSection
EndGlobal
